{
    "name": "@vscode/copilot-api",
    "version": "0.5.2",
    "lockfileVersion": 3,
    "requires": true,
    "packages": {
        "": {
            "name": "@vscode/copilot-api",
            "version": "0.5.2",
            "license": "SEE LICENSE",
            "devDependencies": {
                "@vscode/copilot-api": "0.5.2",
                "esbuild-wasm": "file:../../esbuild/npm/esbuild-wasm",
                "typescript": "file:../../TypeScript"
            }
        },
        "../../esbuild/npm/esbuild-wasm": {
            "version": "0.28.1",
            "dev": true,
            "license": "MIT",
            "bin": {
                "esbuild": "bin/esbuild"
            },
            "engines": {
                "node": ">=18"
            }
        },
        "../../TypeScript": {
            "name": "typescript",
            "version": "6.0.0",
            "dev": true,
            "license": "Apache-2.0",
            "bin": {
                "tsc": "bin/tsc",
                "tsserver": "bin/tsserver"
            },
            "devDependencies": {
                "@dprint/formatter": "^0.4.1",
                "@dprint/typescript": "0.93.4",
                "@esfx/canceltoken": "^1.0.0",
                "@eslint/js": "^10.0.1",
                "@octokit/rest": "^22.0.1",
                "@types/chai": "^4.3.20",
                "@types/minimist": "^1.2.5",
                "@types/mocha": "^10.0.10",
                "@types/ms": "^2.1.0",
                "@types/node": "latest",
                "@types/source-map-support": "^0.5.10",
                "@types/which": "^3.0.4",
                "@typescript-eslint/rule-tester": "^8.57.2",
                "@typescript-eslint/type-utils": "^8.57.2",
                "@typescript-eslint/utils": "^8.57.2",
                "azure-devops-node-api": "^15.1.3",
                "c8": "^10.1.3",
                "chai": "^4.5.0",
                "chokidar": "^4.0.3",
                "diff": "^8.0.4",
                "dprint": "^0.49.1",
                "esbuild": "^0.27.4",
                "eslint": "^10.1.0",
                "eslint-plugin-regexp": "^3.1.0",
                "fast-xml-parser": "^5.5.9",
                "glob": "^10.5.0",
                "globals": "^17.4.0",
                "hereby": "^1.14.0",
                "jsonc-parser": "^3.3.1",
                "knip": "^5.88.1",
                "minimist": "^1.2.8",
                "mocha": "^10.8.2",
                "mocha-fivemat-progress-reporter": "^0.1.0",
                "monocart-coverage-reports": "^2.12.9",
                "ms": "^2.1.3",
                "picocolors": "^1.1.1",
                "playwright": "^1.58.2",
                "source-map-support": "^0.5.21",
                "tslib": "^2.8.1",
                "typescript": "^6.0.2",
                "typescript-eslint": "^8.57.2",
                "which": "^3.0.1"
            },
            "engines": {
                "node": ">=14.17"
            }
        },
        "node_modules/@vscode/copilot-api": {
            "version": "0.5.2",
            "resolved": "https://registry.npmjs.org/@vscode/copilot-api/-/copilot-api-0.5.2.tgz",
            "integrity": "sha512-U+2jyi0/Hpum2ZnED47cVFKgx5+p+thRhOPDKc1+t2PVAzsKlr3aJPKxMeMLOIXGWyLuQcng5BuFvj1vxD1d8w==",
            "dev": true,
            "license": "SEE LICENSE"
        },
        "node_modules/esbuild-wasm": {
            "resolved": "../../esbuild/npm/esbuild-wasm",
            "link": true
        },
        "node_modules/typescript": {
            "resolved": "../../TypeScript",
            "link": true
        }
    }
}
